// !$*UTF8*$!
{
	archiveVersion = 1;
	classes = {
	};
	objectVersion = 46;
	objects = {

/* Begin PBXBuildFile section */
		BA0DC6CD197AB44300AED271 /* SignupViewController.m in Sources */ = {isa = PBXBuildFile; fileRef = BA0DC6CC197AB44300AED271 /* SignupViewController.m */; };
		BA0DC6D9197C6E4600AED271 /* TagsViewController.m in Sources */ = {isa = PBXBuildFile; fileRef = BA0DC6D8197C6E4600AED271 /* TagsViewController.m */; };
		BA0DC6DE197C6F1100AED271 /* HPLTagCloudGenerator.m in Sources */ = {isa = PBXBuildFile; fileRef = BA0DC6DD197C6F1100AED271 /* HPLTagCloudGenerator.m */; };
		BA33676219FD4482004C5DF7 /* music59.png in Resources */ = {isa = PBXBuildFile; fileRef = BA33676119FD4482004C5DF7 /* music59.png */; };
		BA4D6A6F199F8F9B00F0E671 /* AddTagViewController.m in Sources */ = {isa = PBXBuildFile; fileRef = BA4D6A6E199F8F9B00F0E671 /* AddTagViewController.m */; };
		BA628A2F1983F5C800AAA264 /* TabBarViewController.m in Sources */ = {isa = PBXBuildFile; fileRef = BA628A2E1983F5C800AAA264 /* TabBarViewController.m */; };
		BA628A321983FA7600AAA264 /* BaseTabViewController.m in Sources */ = {isa = PBXBuildFile; fileRef = BA628A311983FA7600AAA264 /* BaseTabViewController.m */; };
		BAA18F5C1A211E01002356C5 /* KeychainItemWrapper.m in Sources */ = {isa = PBXBuildFile; fileRef = BAA18F5B1A211E01002356C5 /* KeychainItemWrapper.m */; };
		BAAD6B8E195A4A6E00397F4D /* BaseModalViewController.m in Sources */ = {isa = PBXBuildFile; fileRef = BAAD6B8D195A4A6E00397F4D /* BaseModalViewController.m */; };
		BAAD6B91195A8B4600397F4D /* UIViewController+Parallax.m in Sources */ = {isa = PBXBuildFile; fileRef = BAAD6B90195A8B4600397F4D /* UIViewController+Parallax.m */; };
		BAAD6B97195EF3E800397F4D /* DeviceHardware.m in Sources */ = {isa = PBXBuildFile; fileRef = BAAD6B96195EF3E800397F4D /* DeviceHardware.m */; };
		BAAD6B9A195EF46800397F4D /* Singleton.m in Sources */ = {isa = PBXBuildFile; fileRef = BAAD6B99195EF46800397F4D /* Singleton.m */; };
		BADD27CA19535EA90057744B /* Ogg.framework in Frameworks */ = {isa = PBXBuildFile; fileRef = BADD27C819535EA90057744B /* Ogg.framework */; };
		BADD27CB19535EA90057744B /* Vorbis.framework in Frameworks */ = {isa = PBXBuildFile; fileRef = BADD27C919535EA90057744B /* Vorbis.framework */; };
		BADD27D9195390F20057744B /* IDZAQAudioPlayer.m in Sources */ = {isa = PBXBuildFile; fileRef = BADD27D0195390F20057744B /* IDZAQAudioPlayer.m */; };
		BADD27DD1953931C0057744B /* IDZOggVorbisFileDecoder.mm in Sources */ = {isa = PBXBuildFile; fileRef = BADD27DC1953931C0057744B /* IDZOggVorbisFileDecoder.mm */; };
		BADD27E31958BA4D0057744B /* NetworkManager.m in Sources */ = {isa = PBXBuildFile; fileRef = BADD27E21958BA4D0057744B /* NetworkManager.m */; };
		BADD27E51958C8BE0057744B /* SystemConfiguration.framework in Frameworks */ = {isa = PBXBuildFile; fileRef = BADD27E41958C8BE0057744B /* SystemConfiguration.framework */; };
		BADD28291959ABF20057744B /* Utils.m in Sources */ = {isa = PBXBuildFile; fileRef = BADD28281959ABF20057744B /* Utils.m */; };
		BADD282D1959D72A0057744B /* LoginViewController.m in Sources */ = {isa = PBXBuildFile; fileRef = BADD282C1959D72A0057744B /* LoginViewController.m */; };
		BADD28331959EEF40057744B /* DismissingAnimator.m in Sources */ = {isa = PBXBuildFile; fileRef = BADD28301959EEF40057744B /* DismissingAnimator.m */; };
		BADD28341959EEF40057744B /* PresentingAnimator.m in Sources */ = {isa = PBXBuildFile; fileRef = BADD28321959EEF40057744B /* PresentingAnimator.m */; };
		BADD286A1959F12E0057744B /* POPAnimatableProperty.mm in Sources */ = {isa = PBXBuildFile; fileRef = BADD28391959F12E0057744B /* POPAnimatableProperty.mm */; };
		BADD286B1959F12E0057744B /* POPAnimation.mm in Sources */ = {isa = PBXBuildFile; fileRef = BADD283B1959F12E0057744B /* POPAnimation.mm */; };
		BADD286C1959F12E0057744B /* POPAnimationEvent.mm in Sources */ = {isa = PBXBuildFile; fileRef = BADD283D1959F12E0057744B /* POPAnimationEvent.mm */; };
		BADD286D1959F12E0057744B /* POPAnimationExtras.mm in Sources */ = {isa = PBXBuildFile; fileRef = BADD28401959F12E0057744B /* POPAnimationExtras.mm */; };
		BADD286E1959F12E0057744B /* POPAnimationRuntime.mm in Sources */ = {isa = PBXBuildFile; fileRef = BADD28441959F12E0057744B /* POPAnimationRuntime.mm */; };
		BADD286F1959F12E0057744B /* POPAnimationTracer.mm in Sources */ = {isa = PBXBuildFile; fileRef = BADD28461959F12E0057744B /* POPAnimationTracer.mm */; };
		BADD28701959F12E0057744B /* POPAnimator.mm in Sources */ = {isa = PBXBuildFile; fileRef = BADD28491959F12E0057744B /* POPAnimator.mm */; };
		BADD28711959F12E0057744B /* POPBasicAnimation.mm in Sources */ = {isa = PBXBuildFile; fileRef = BADD284C1959F12E0057744B /* POPBasicAnimation.mm */; };
		BADD28721959F12E0057744B /* POPCGUtils.mm in Sources */ = {isa = PBXBuildFile; fileRef = BADD284F1959F12E0057744B /* POPCGUtils.mm */; };
		BADD28731959F12E0057744B /* POPCustomAnimation.mm in Sources */ = {isa = PBXBuildFile; fileRef = BADD28511959F12E0057744B /* POPCustomAnimation.mm */; };
		BADD28741959F12E0057744B /* POPDecayAnimation.mm in Sources */ = {isa = PBXBuildFile; fileRef = BADD28531959F12E0057744B /* POPDecayAnimation.mm */; };
		BADD28751959F12E0057744B /* POPGeometry.mm in Sources */ = {isa = PBXBuildFile; fileRef = BADD28571959F12E0057744B /* POPGeometry.mm */; };
		BADD28761959F12E0057744B /* POPLayerExtras.mm in Sources */ = {isa = PBXBuildFile; fileRef = BADD28591959F12E0057744B /* POPLayerExtras.mm */; };
		BADD28771959F12E0057744B /* POPMath.mm in Sources */ = {isa = PBXBuildFile; fileRef = BADD285B1959F12E0057744B /* POPMath.mm */; };
		BADD28781959F12E0057744B /* POPPropertyAnimation.mm in Sources */ = {isa = PBXBuildFile; fileRef = BADD285D1959F12E0057744B /* POPPropertyAnimation.mm */; };
		BADD28791959F12E0057744B /* POPSpringAnimation.mm in Sources */ = {isa = PBXBuildFile; fileRef = BADD28601959F12E0057744B /* POPSpringAnimation.mm */; };
		BADD287A1959F12E0057744B /* POPVector.mm in Sources */ = {isa = PBXBuildFile; fileRef = BADD28641959F12E0057744B /* POPVector.mm */; };
		BADD287B1959F12E0057744B /* TransformationMatrix.cpp in Sources */ = {isa = PBXBuildFile; fileRef = BADD28671959F12E0057744B /* TransformationMatrix.cpp */; };
		BADD287E1959F24D0057744B /* UIColor+CustomColors.m in Sources */ = {isa = PBXBuildFile; fileRef = BADD287D1959F24D0057744B /* UIColor+CustomColors.m */; };
		BADD2881195A16DC0057744B /* FlatButton.m in Sources */ = {isa = PBXBuildFile; fileRef = BADD2880195A16DC0057744B /* FlatButton.m */; };
		BADD2883195A30CF0057744B /* logo.png in Resources */ = {isa = PBXBuildFile; fileRef = BADD2882195A30CF0057744B /* logo.png */; };
		BAE03F9719EF1E140012A900 /* next8.png in Resources */ = {isa = PBXBuildFile; fileRef = BAE03F9319EF1E140012A900 /* next8.png */; };
		BAE03F9819EF1E140012A900 /* pause11.png in Resources */ = {isa = PBXBuildFile; fileRef = BAE03F9419EF1E140012A900 /* pause11.png */; };
		BAE03F9919EF1E140012A900 /* play33.png in Resources */ = {isa = PBXBuildFile; fileRef = BAE03F9519EF1E140012A900 /* play33.png */; };
		BAE03F9A19EF1E140012A900 /* previous5.png in Resources */ = {isa = PBXBuildFile; fileRef = BAE03F9619EF1E140012A900 /* previous5.png */; };
		BAFD9E47194CDF98009718B2 /* Foundation.framework in Frameworks */ = {isa = PBXBuildFile; fileRef = BAFD9E46194CDF98009718B2 /* Foundation.framework */; };
		BAFD9E49194CDF98009718B2 /* CoreGraphics.framework in Frameworks */ = {isa = PBXBuildFile; fileRef = BAFD9E48194CDF98009718B2 /* CoreGraphics.framework */; };
		BAFD9E4B194CDF98009718B2 /* UIKit.framework in Frameworks */ = {isa = PBXBuildFile; fileRef = BAFD9E4A194CDF98009718B2 /* UIKit.framework */; };
		BAFD9E51194CDF98009718B2 /* InfoPlist.strings in Resources */ = {isa = PBXBuildFile; fileRef = BAFD9E4F194CDF98009718B2 /* InfoPlist.strings */; };
		BAFD9E53194CDF98009718B2 /* main.m in Sources */ = {isa = PBXBuildFile; fileRef = BAFD9E52194CDF98009718B2 /* main.m */; };
		BAFD9E57194CDF98009718B2 /* AppDelegate.m in Sources */ = {isa = PBXBuildFile; fileRef = BAFD9E56194CDF98009718B2 /* AppDelegate.m */; };
		BAFD9E5A194CDF98009718B2 /* Main.storyboard in Resources */ = {isa = PBXBuildFile; fileRef = BAFD9E58194CDF98009718B2 /* Main.storyboard */; };
		BAFD9E5D194CDF98009718B2 /* PlayerViewController.m in Sources */ = {isa = PBXBuildFile; fileRef = BAFD9E5C194CDF98009718B2 /* PlayerViewController.m */; };
		BAFD9E5F194CDF98009718B2 /* Images.xcassets in Resources */ = {isa = PBXBuildFile; fileRef = BAFD9E5E194CDF98009718B2 /* Images.xcassets */; };
		BAFD9E66194CDF98009718B2 /* XCTest.framework in Frameworks */ = {isa = PBXBuildFile; fileRef = BAFD9E65194CDF98009718B2 /* XCTest.framework */; };
		BAFD9E67194CDF98009718B2 /* Foundation.framework in Frameworks */ = {isa = PBXBuildFile; fileRef = BAFD9E46194CDF98009718B2 /* Foundation.framework */; };
		BAFD9E68194CDF98009718B2 /* UIKit.framework in Frameworks */ = {isa = PBXBuildFile; fileRef = BAFD9E4A194CDF98009718B2 /* UIKit.framework */; };
		BAFD9E70194CDF98009718B2 /* InfoPlist.strings in Resources */ = {isa = PBXBuildFile; fileRef = BAFD9E6E194CDF98009718B2 /* InfoPlist.strings */; };
		BAFD9E72194CDF98009718B2 /* librefmTests.m in Sources */ = {isa = PBXBuildFile; fileRef = BAFD9E71194CDF98009718B2 /* librefmTests.m */; };
		BAFD9E82194D2090009718B2 /* NSString+String.m in Sources */ = {isa = PBXBuildFile; fileRef = BAFD9E81194D2090009718B2 /* NSString+String.m */; };
		BAFD9E85194D2541009718B2 /* LibrefmConnection.m in Sources */ = {isa = PBXBuildFile; fileRef = BAFD9E84194D2541009718B2 /* LibrefmConnection.m */; };
		BAFD9E88194DA181009718B2 /* turtle.libre.fm.der in Resources */ = {isa = PBXBuildFile; fileRef = BAFD9E87194DA181009718B2 /* turtle.libre.fm.der */; };
/* End PBXBuildFile section */

/* Begin PBXContainerItemProxy section */
		BAFD9E69194CDF98009718B2 /* PBXContainerItemProxy */ = {
			isa = PBXContainerItemProxy;
			containerPortal = BAFD9E3B194CDF98009718B2 /* Project object */;
			proxyType = 1;
			remoteGlobalIDString = BAFD9E42194CDF98009718B2;
			remoteInfo = librefm;
		};
/* End PBXContainerItemProxy section */

/* Begin PBXFileReference section */
		BA0DC6CB197AB44300AED271 /* SignupViewController.h */ = {isa = PBXFileReference; fileEncoding = 4; lastKnownFileType = sourcecode.c.h; path = SignupViewController.h; sourceTree = "<group>"; };
		BA0DC6CC197AB44300AED271 /* SignupViewController.m */ = {isa = PBXFileReference; fileEncoding = 4; lastKnownFileType = sourcecode.c.objc; path = SignupViewController.m; sourceTree = "<group>"; };
		BA0DC6D7197C6E4600AED271 /* TagsViewController.h */ = {isa = PBXFileReference; fileEncoding = 4; lastKnownFileType = sourcecode.c.h; path = TagsViewController.h; sourceTree = "<group>"; };
		BA0DC6D8197C6E4600AED271 /* TagsViewController.m */ = {isa = PBXFileReference; fileEncoding = 4; lastKnownFileType = sourcecode.c.objc; path = TagsViewController.m; sourceTree = "<group>"; };
		BA0DC6DC197C6F1100AED271 /* HPLTagCloudGenerator.h */ = {isa = PBXFileReference; fileEncoding = 4; lastKnownFileType = sourcecode.c.h; path = HPLTagCloudGenerator.h; sourceTree = "<group>"; };
		BA0DC6DD197C6F1100AED271 /* HPLTagCloudGenerator.m */ = {isa = PBXFileReference; fileEncoding = 4; lastKnownFileType = sourcecode.c.objc; path = HPLTagCloudGenerator.m; sourceTree = "<group>"; };
		BA33676119FD4482004C5DF7 /* music59.png */ = {isa = PBXFileReference; lastKnownFileType = image.png; path = music59.png; sourceTree = "<group>"; };
		BA4D6A6D199F8F9B00F0E671 /* AddTagViewController.h */ = {isa = PBXFileReference; fileEncoding = 4; lastKnownFileType = sourcecode.c.h; path = AddTagViewController.h; sourceTree = "<group>"; };
		BA4D6A6E199F8F9B00F0E671 /* AddTagViewController.m */ = {isa = PBXFileReference; fileEncoding = 4; lastKnownFileType = sourcecode.c.objc; path = AddTagViewController.m; sourceTree = "<group>"; };
		BA628A2D1983F5C800AAA264 /* TabBarViewController.h */ = {isa = PBXFileReference; fileEncoding = 4; lastKnownFileType = sourcecode.c.h; path = TabBarViewController.h; sourceTree = "<group>"; };
		BA628A2E1983F5C800AAA264 /* TabBarViewController.m */ = {isa = PBXFileReference; fileEncoding = 4; lastKnownFileType = sourcecode.c.objc; path = TabBarViewController.m; sourceTree = "<group>"; };
		BA628A301983FA7600AAA264 /* BaseTabViewController.h */ = {isa = PBXFileReference; fileEncoding = 4; lastKnownFileType = sourcecode.c.h; path = BaseTabViewController.h; sourceTree = "<group>"; };
		BA628A311983FA7600AAA264 /* BaseTabViewController.m */ = {isa = PBXFileReference; fileEncoding = 4; lastKnownFileType = sourcecode.c.objc; path = BaseTabViewController.m; sourceTree = "<group>"; };
		BAA18F5A1A211E01002356C5 /* KeychainItemWrapper.h */ = {isa = PBXFileReference; fileEncoding = 4; lastKnownFileType = sourcecode.c.h; path = KeychainItemWrapper.h; sourceTree = "<group>"; };
		BAA18F5B1A211E01002356C5 /* KeychainItemWrapper.m */ = {isa = PBXFileReference; fileEncoding = 4; lastKnownFileType = sourcecode.c.objc; path = KeychainItemWrapper.m; sourceTree = "<group>"; };
		BAAD6B8C195A4A6E00397F4D /* BaseModalViewController.h */ = {isa = PBXFileReference; fileEncoding = 4; lastKnownFileType = sourcecode.c.h; path = BaseModalViewController.h; sourceTree = "<group>"; };
		BAAD6B8D195A4A6E00397F4D /* BaseModalViewController.m */ = {isa = PBXFileReference; fileEncoding = 4; lastKnownFileType = sourcecode.c.objc; path = BaseModalViewController.m; sourceTree = "<group>"; };
		BAAD6B8F195A8B4600397F4D /* UIViewController+Parallax.h */ = {isa = PBXFileReference; fileEncoding = 4; lastKnownFileType = sourcecode.c.h; path = "UIViewController+Parallax.h"; sourceTree = "<group>"; };
		BAAD6B90195A8B4600397F4D /* UIViewController+Parallax.m */ = {isa = PBXFileReference; fileEncoding = 4; lastKnownFileType = sourcecode.c.objc; path = "UIViewController+Parallax.m"; sourceTree = "<group>"; };
		BAAD6B95195EF3E800397F4D /* DeviceHardware.h */ = {isa = PBXFileReference; fileEncoding = 4; lastKnownFileType = sourcecode.c.h; path = DeviceHardware.h; sourceTree = "<group>"; };
		BAAD6B96195EF3E800397F4D /* DeviceHardware.m */ = {isa = PBXFileReference; fileEncoding = 4; lastKnownFileType = sourcecode.c.objc; path = DeviceHardware.m; sourceTree = "<group>"; };
		BAAD6B98195EF46800397F4D /* Singleton.h */ = {isa = PBXFileReference; fileEncoding = 4; lastKnownFileType = sourcecode.c.h; path = Singleton.h; sourceTree = "<group>"; };
		BAAD6B99195EF46800397F4D /* Singleton.m */ = {isa = PBXFileReference; fileEncoding = 4; lastKnownFileType = sourcecode.c.objc; path = Singleton.m; sourceTree = "<group>"; };
		BAC2379C194FA68200A65C9B /* LibrefmDelegate.h */ = {isa = PBXFileReference; lastKnownFileType = sourcecode.c.h; path = LibrefmDelegate.h; sourceTree = "<group>"; };
		BAC2379D194FAB2600A65C9B /* MediaPlayer.framework */ = {isa = PBXFileReference; lastKnownFileType = wrapper.framework; name = MediaPlayer.framework; path = System/Library/Frameworks/MediaPlayer.framework; sourceTree = SDKROOT; };
		BADD27C819535EA90057744B /* Ogg.framework */ = {isa = PBXFileReference; lastKnownFileType = wrapper.framework; name = Ogg.framework; path = ../IDZAQAudioPlayer/Frameworks/Ogg.framework; sourceTree = "<group>"; };
		BADD27C919535EA90057744B /* Vorbis.framework */ = {isa = PBXFileReference; lastKnownFileType = wrapper.framework; name = Vorbis.framework; path = ../IDZAQAudioPlayer/Frameworks/Vorbis.framework; sourceTree = "<group>"; };
		BADD27CF195390F20057744B /* IDZAQAudioPlayer.h */ = {isa = PBXFileReference; fileEncoding = 4; lastKnownFileType = sourcecode.c.h; path = IDZAQAudioPlayer.h; sourceTree = "<group>"; };
		BADD27D0195390F20057744B /* IDZAQAudioPlayer.m */ = {isa = PBXFileReference; fileEncoding = 4; lastKnownFileType = sourcecode.c.objc; path = IDZAQAudioPlayer.m; sourceTree = "<group>"; };
		BADD27D3195390F20057744B /* IDZAudioDecoder.h */ = {isa = PBXFileReference; fileEncoding = 4; lastKnownFileType = sourcecode.c.h; path = IDZAudioDecoder.h; sourceTree = "<group>"; };
		BADD27D4195390F20057744B /* IDZAudioPlayer.h */ = {isa = PBXFileReference; fileEncoding = 4; lastKnownFileType = sourcecode.c.h; path = IDZAudioPlayer.h; sourceTree = "<group>"; };
		BADD27D7195390F20057744B /* IDZOggVorbisFileDecoder.h */ = {isa = PBXFileReference; fileEncoding = 4; lastKnownFileType = sourcecode.c.h; path = IDZOggVorbisFileDecoder.h; sourceTree = "<group>"; };
		BADD27D8195390F20057744B /* IDZTrace.h */ = {isa = PBXFileReference; fileEncoding = 4; lastKnownFileType = sourcecode.c.h; path = IDZTrace.h; sourceTree = "<group>"; };
		BADD27DC1953931C0057744B /* IDZOggVorbisFileDecoder.mm */ = {isa = PBXFileReference; fileEncoding = 4; lastKnownFileType = sourcecode.cpp.objcpp; path = IDZOggVorbisFileDecoder.mm; sourceTree = "<group>"; };
		BADD27E11958BA4D0057744B /* NetworkManager.h */ = {isa = PBXFileReference; fileEncoding = 4; lastKnownFileType = sourcecode.c.h; path = NetworkManager.h; sourceTree = "<group>"; };
		BADD27E21958BA4D0057744B /* NetworkManager.m */ = {isa = PBXFileReference; fileEncoding = 4; lastKnownFileType = sourcecode.c.objc; path = NetworkManager.m; sourceTree = "<group>"; };
		BADD27E41958C8BE0057744B /* SystemConfiguration.framework */ = {isa = PBXFileReference; lastKnownFileType = wrapper.framework; name = SystemConfiguration.framework; path = System/Library/Frameworks/SystemConfiguration.framework; sourceTree = SDKROOT; };
		BADD28271959ABF20057744B /* Utils.h */ = {isa = PBXFileReference; fileEncoding = 4; lastKnownFileType = sourcecode.c.h; path = Utils.h; sourceTree = "<group>"; };
		BADD28281959ABF20057744B /* Utils.m */ = {isa = PBXFileReference; fileEncoding = 4; lastKnownFileType = sourcecode.c.objc; path = Utils.m; sourceTree = "<group>"; };
		BADD282B1959D72A0057744B /* LoginViewController.h */ = {isa = PBXFileReference; fileEncoding = 4; lastKnownFileType = sourcecode.c.h; path = LoginViewController.h; sourceTree = "<group>"; };
		BADD282C1959D72A0057744B /* LoginViewController.m */ = {isa = PBXFileReference; fileEncoding = 4; lastKnownFileType = sourcecode.c.objc; path = LoginViewController.m; sourceTree = "<group>"; };
		BADD282F1959EEF40057744B /* DismissingAnimator.h */ = {isa = PBXFileReference; fileEncoding = 4; lastKnownFileType = sourcecode.c.h; path = DismissingAnimator.h; sourceTree = "<group>"; };
		BADD28301959EEF40057744B /* DismissingAnimator.m */ = {isa = PBXFileReference; fileEncoding = 4; lastKnownFileType = sourcecode.c.objc; path = DismissingAnimator.m; sourceTree = "<group>"; };
		BADD28311959EEF40057744B /* PresentingAnimator.h */ = {isa = PBXFileReference; fileEncoding = 4; lastKnownFileType = sourcecode.c.h; path = PresentingAnimator.h; sourceTree = "<group>"; };
		BADD28321959EEF40057744B /* PresentingAnimator.m */ = {isa = PBXFileReference; fileEncoding = 4; lastKnownFileType = sourcecode.c.objc; path = PresentingAnimator.m; sourceTree = "<group>"; };
		BADD28361959F12E0057744B /* POP.h */ = {isa = PBXFileReference; fileEncoding = 4; lastKnownFileType = sourcecode.c.h; path = POP.h; sourceTree = "<group>"; };
		BADD28371959F12E0057744B /* POPAction.h */ = {isa = PBXFileReference; fileEncoding = 4; lastKnownFileType = sourcecode.c.h; path = POPAction.h; sourceTree = "<group>"; };
		BADD28381959F12E0057744B /* POPAnimatableProperty.h */ = {isa = PBXFileReference; fileEncoding = 4; lastKnownFileType = sourcecode.c.h; path = POPAnimatableProperty.h; sourceTree = "<group>"; };
		BADD28391959F12E0057744B /* POPAnimatableProperty.mm */ = {isa = PBXFileReference; fileEncoding = 4; lastKnownFileType = sourcecode.cpp.objcpp; path = POPAnimatableProperty.mm; sourceTree = "<group>"; };
		BADD283A1959F12E0057744B /* POPAnimation.h */ = {isa = PBXFileReference; fileEncoding = 4; lastKnownFileType = sourcecode.c.h; path = POPAnimation.h; sourceTree = "<group>"; };
		BADD283B1959F12E0057744B /* POPAnimation.mm */ = {isa = PBXFileReference; fileEncoding = 4; lastKnownFileType = sourcecode.cpp.objcpp; path = POPAnimation.mm; sourceTree = "<group>"; };
		BADD283C1959F12E0057744B /* POPAnimationEvent.h */ = {isa = PBXFileReference; fileEncoding = 4; lastKnownFileType = sourcecode.c.h; path = POPAnimationEvent.h; sourceTree = "<group>"; };
		BADD283D1959F12E0057744B /* POPAnimationEvent.mm */ = {isa = PBXFileReference; fileEncoding = 4; lastKnownFileType = sourcecode.cpp.objcpp; path = POPAnimationEvent.mm; sourceTree = "<group>"; };
		BADD283E1959F12E0057744B /* POPAnimationEventInternal.h */ = {isa = PBXFileReference; fileEncoding = 4; lastKnownFileType = sourcecode.c.h; path = POPAnimationEventInternal.h; sourceTree = "<group>"; };
		BADD283F1959F12E0057744B /* POPAnimationExtras.h */ = {isa = PBXFileReference; fileEncoding = 4; lastKnownFileType = sourcecode.c.h; path = POPAnimationExtras.h; sourceTree = "<group>"; };
		BADD28401959F12E0057744B /* POPAnimationExtras.mm */ = {isa = PBXFileReference; fileEncoding = 4; lastKnownFileType = sourcecode.cpp.objcpp; path = POPAnimationExtras.mm; sourceTree = "<group>"; };
		BADD28411959F12E0057744B /* POPAnimationInternal.h */ = {isa = PBXFileReference; fileEncoding = 4; lastKnownFileType = sourcecode.c.h; path = POPAnimationInternal.h; sourceTree = "<group>"; };
		BADD28421959F12E0057744B /* POPAnimationPrivate.h */ = {isa = PBXFileReference; fileEncoding = 4; lastKnownFileType = sourcecode.c.h; path = POPAnimationPrivate.h; sourceTree = "<group>"; };
		BADD28431959F12E0057744B /* POPAnimationRuntime.h */ = {isa = PBXFileReference; fileEncoding = 4; lastKnownFileType = sourcecode.c.h; path = POPAnimationRuntime.h; sourceTree = "<group>"; };
		BADD28441959F12E0057744B /* POPAnimationRuntime.mm */ = {isa = PBXFileReference; fileEncoding = 4; lastKnownFileType = sourcecode.cpp.objcpp; path = POPAnimationRuntime.mm; sourceTree = "<group>"; };
		BADD28451959F12E0057744B /* POPAnimationTracer.h */ = {isa = PBXFileReference; fileEncoding = 4; lastKnownFileType = sourcecode.c.h; path = POPAnimationTracer.h; sourceTree = "<group>"; };
		BADD28461959F12E0057744B /* POPAnimationTracer.mm */ = {isa = PBXFileReference; fileEncoding = 4; lastKnownFileType = sourcecode.cpp.objcpp; path = POPAnimationTracer.mm; sourceTree = "<group>"; };
		BADD28471959F12E0057744B /* POPAnimationTracerInternal.h */ = {isa = PBXFileReference; fileEncoding = 4; lastKnownFileType = sourcecode.c.h; path = POPAnimationTracerInternal.h; sourceTree = "<group>"; };
		BADD28481959F12E0057744B /* POPAnimator.h */ = {isa = PBXFileReference; fileEncoding = 4; lastKnownFileType = sourcecode.c.h; path = POPAnimator.h; sourceTree = "<group>"; };
		BADD28491959F12E0057744B /* POPAnimator.mm */ = {isa = PBXFileReference; fileEncoding = 4; lastKnownFileType = sourcecode.cpp.objcpp; path = POPAnimator.mm; sourceTree = "<group>"; };
		BADD284A1959F12E0057744B /* POPAnimatorPrivate.h */ = {isa = PBXFileReference; fileEncoding = 4; lastKnownFileType = sourcecode.c.h; path = POPAnimatorPrivate.h; sourceTree = "<group>"; };
		BADD284B1959F12E0057744B /* POPBasicAnimation.h */ = {isa = PBXFileReference; fileEncoding = 4; lastKnownFileType = sourcecode.c.h; path = POPBasicAnimation.h; sourceTree = "<group>"; };
		BADD284C1959F12E0057744B /* POPBasicAnimation.mm */ = {isa = PBXFileReference; fileEncoding = 4; lastKnownFileType = sourcecode.cpp.objcpp; path = POPBasicAnimation.mm; sourceTree = "<group>"; };
		BADD284D1959F12E0057744B /* POPBasicAnimationInternal.h */ = {isa = PBXFileReference; fileEncoding = 4; lastKnownFileType = sourcecode.c.h; path = POPBasicAnimationInternal.h; sourceTree = "<group>"; };
		BADD284E1959F12E0057744B /* POPCGUtils.h */ = {isa = PBXFileReference; fileEncoding = 4; lastKnownFileType = sourcecode.c.h; path = POPCGUtils.h; sourceTree = "<group>"; };
		BADD284F1959F12E0057744B /* POPCGUtils.mm */ = {isa = PBXFileReference; fileEncoding = 4; lastKnownFileType = sourcecode.cpp.objcpp; path = POPCGUtils.mm; sourceTree = "<group>"; };
		BADD28501959F12E0057744B /* POPCustomAnimation.h */ = {isa = PBXFileReference; fileEncoding = 4; lastKnownFileType = sourcecode.c.h; path = POPCustomAnimation.h; sourceTree = "<group>"; };
		BADD28511959F12E0057744B /* POPCustomAnimation.mm */ = {isa = PBXFileReference; fileEncoding = 4; lastKnownFileType = sourcecode.cpp.objcpp; path = POPCustomAnimation.mm; sourceTree = "<group>"; };
		BADD28521959F12E0057744B /* POPDecayAnimation.h */ = {isa = PBXFileReference; fileEncoding = 4; lastKnownFileType = sourcecode.c.h; path = POPDecayAnimation.h; sourceTree = "<group>"; };
		BADD28531959F12E0057744B /* POPDecayAnimation.mm */ = {isa = PBXFileReference; fileEncoding = 4; lastKnownFileType = sourcecode.cpp.objcpp; path = POPDecayAnimation.mm; sourceTree = "<group>"; };
		BADD28541959F12E0057744B /* POPDecayAnimationInternal.h */ = {isa = PBXFileReference; fileEncoding = 4; lastKnownFileType = sourcecode.c.h; path = POPDecayAnimationInternal.h; sourceTree = "<group>"; };
		BADD28551959F12E0057744B /* POPDefines.h */ = {isa = PBXFileReference; fileEncoding = 4; lastKnownFileType = sourcecode.c.h; path = POPDefines.h; sourceTree = "<group>"; };
		BADD28561959F12E0057744B /* POPGeometry.h */ = {isa = PBXFileReference; fileEncoding = 4; lastKnownFileType = sourcecode.c.h; path = POPGeometry.h; sourceTree = "<group>"; };
		BADD28571959F12E0057744B /* POPGeometry.mm */ = {isa = PBXFileReference; fileEncoding = 4; lastKnownFileType = sourcecode.cpp.objcpp; path = POPGeometry.mm; sourceTree = "<group>"; };
		BADD28581959F12E0057744B /* POPLayerExtras.h */ = {isa = PBXFileReference; fileEncoding = 4; lastKnownFileType = sourcecode.c.h; path = POPLayerExtras.h; sourceTree = "<group>"; };
		BADD28591959F12E0057744B /* POPLayerExtras.mm */ = {isa = PBXFileReference; fileEncoding = 4; lastKnownFileType = sourcecode.cpp.objcpp; path = POPLayerExtras.mm; sourceTree = "<group>"; };
		BADD285A1959F12E0057744B /* POPMath.h */ = {isa = PBXFileReference; fileEncoding = 4; lastKnownFileType = sourcecode.c.h; path = POPMath.h; sourceTree = "<group>"; };
		BADD285B1959F12E0057744B /* POPMath.mm */ = {isa = PBXFileReference; fileEncoding = 4; lastKnownFileType = sourcecode.cpp.objcpp; path = POPMath.mm; sourceTree = "<group>"; };
		BADD285C1959F12E0057744B /* POPPropertyAnimation.h */ = {isa = PBXFileReference; fileEncoding = 4; lastKnownFileType = sourcecode.c.h; path = POPPropertyAnimation.h; sourceTree = "<group>"; };
		BADD285D1959F12E0057744B /* POPPropertyAnimation.mm */ = {isa = PBXFileReference; fileEncoding = 4; lastKnownFileType = sourcecode.cpp.objcpp; path = POPPropertyAnimation.mm; sourceTree = "<group>"; };
		BADD285E1959F12E0057744B /* POPPropertyAnimationInternal.h */ = {isa = PBXFileReference; fileEncoding = 4; lastKnownFileType = sourcecode.c.h; path = POPPropertyAnimationInternal.h; sourceTree = "<group>"; };
		BADD285F1959F12E0057744B /* POPSpringAnimation.h */ = {isa = PBXFileReference; fileEncoding = 4; lastKnownFileType = sourcecode.c.h; path = POPSpringAnimation.h; sourceTree = "<group>"; };
		BADD28601959F12E0057744B /* POPSpringAnimation.mm */ = {isa = PBXFileReference; fileEncoding = 4; lastKnownFileType = sourcecode.cpp.objcpp; path = POPSpringAnimation.mm; sourceTree = "<group>"; };
		BADD28611959F12E0057744B /* POPSpringAnimationInternal.h */ = {isa = PBXFileReference; fileEncoding = 4; lastKnownFileType = sourcecode.c.h; path = POPSpringAnimationInternal.h; sourceTree = "<group>"; };
		BADD28621959F12E0057744B /* POPSpringSolver.h */ = {isa = PBXFileReference; fileEncoding = 4; lastKnownFileType = sourcecode.c.h; path = POPSpringSolver.h; sourceTree = "<group>"; };
		BADD28631959F12E0057744B /* POPVector.h */ = {isa = PBXFileReference; fileEncoding = 4; lastKnownFileType = sourcecode.c.h; path = POPVector.h; sourceTree = "<group>"; };
		BADD28641959F12E0057744B /* POPVector.mm */ = {isa = PBXFileReference; fileEncoding = 4; lastKnownFileType = sourcecode.cpp.objcpp; path = POPVector.mm; sourceTree = "<group>"; };
		BADD28661959F12E0057744B /* FloatConversion.h */ = {isa = PBXFileReference; fileEncoding = 4; lastKnownFileType = sourcecode.c.h; path = FloatConversion.h; sourceTree = "<group>"; };
		BADD28671959F12E0057744B /* TransformationMatrix.cpp */ = {isa = PBXFileReference; fileEncoding = 4; lastKnownFileType = sourcecode.cpp.cpp; path = TransformationMatrix.cpp; sourceTree = "<group>"; };
		BADD28681959F12E0057744B /* TransformationMatrix.h */ = {isa = PBXFileReference; fileEncoding = 4; lastKnownFileType = sourcecode.c.h; path = TransformationMatrix.h; sourceTree = "<group>"; };
		BADD28691959F12E0057744B /* UnitBezier.h */ = {isa = PBXFileReference; fileEncoding = 4; lastKnownFileType = sourcecode.c.h; path = UnitBezier.h; sourceTree = "<group>"; };
		BADD287C1959F24D0057744B /* UIColor+CustomColors.h */ = {isa = PBXFileReference; fileEncoding = 4; lastKnownFileType = sourcecode.c.h; name = "UIColor+CustomColors.h"; path = "../librefm/popping/UIColor+CustomColors.h"; sourceTree = "<group>"; };
		BADD287D1959F24D0057744B /* UIColor+CustomColors.m */ = {isa = PBXFileReference; fileEncoding = 4; lastKnownFileType = sourcecode.c.objc; name = "UIColor+CustomColors.m"; path = "../librefm/popping/UIColor+CustomColors.m"; sourceTree = "<group>"; };
		BADD287F195A16DC0057744B /* FlatButton.h */ = {isa = PBXFileReference; fileEncoding = 4; lastKnownFileType = sourcecode.c.h; path = FlatButton.h; sourceTree = "<group>"; };
		BADD2880195A16DC0057744B /* FlatButton.m */ = {isa = PBXFileReference; fileEncoding = 4; lastKnownFileType = sourcecode.c.objc; path = FlatButton.m; sourceTree = "<group>"; };
		BADD2882195A30CF0057744B /* logo.png */ = {isa = PBXFileReference; lastKnownFileType = image.png; path = logo.png; sourceTree = "<group>"; };
		BAE03F9319EF1E140012A900 /* next8.png */ = {isa = PBXFileReference; lastKnownFileType = image.png; path = next8.png; sourceTree = "<group>"; };
		BAE03F9419EF1E140012A900 /* pause11.png */ = {isa = PBXFileReference; lastKnownFileType = image.png; path = pause11.png; sourceTree = "<group>"; };
		BAE03F9519EF1E140012A900 /* play33.png */ = {isa = PBXFileReference; lastKnownFileType = image.png; path = play33.png; sourceTree = "<group>"; };
		BAE03F9619EF1E140012A900 /* previous5.png */ = {isa = PBXFileReference; lastKnownFileType = image.png; path = previous5.png; sourceTree = "<group>"; };
		BAFD9E43194CDF98009718B2 /* librefm.app */ = {isa = PBXFileReference; explicitFileType = wrapper.application; includeInIndex = 0; path = librefm.app; sourceTree = BUILT_PRODUCTS_DIR; };
		BAFD9E46194CDF98009718B2 /* Foundation.framework */ = {isa = PBXFileReference; lastKnownFileType = wrapper.framework; name = Foundation.framework; path = System/Library/Frameworks/Foundation.framework; sourceTree = SDKROOT; };
		BAFD9E48194CDF98009718B2 /* CoreGraphics.framework */ = {isa = PBXFileReference; lastKnownFileType = wrapper.framework; name = CoreGraphics.framework; path = System/Library/Frameworks/CoreGraphics.framework; sourceTree = SDKROOT; };
		BAFD9E4A194CDF98009718B2 /* UIKit.framework */ = {isa = PBXFileReference; lastKnownFileType = wrapper.framework; name = UIKit.framework; path = System/Library/Frameworks/UIKit.framework; sourceTree = SDKROOT; };
		BAFD9E4E194CDF98009718B2 /* librefm-Info.plist */ = {isa = PBXFileReference; lastKnownFileType = text.plist.xml; path = "librefm-Info.plist"; sourceTree = "<group>"; };
		BAFD9E50194CDF98009718B2 /* en */ = {isa = PBXFileReference; lastKnownFileType = text.plist.strings; name = en; path = en.lproj/InfoPlist.strings; sourceTree = "<group>"; };
		BAFD9E52194CDF98009718B2 /* main.m */ = {isa = PBXFileReference; lastKnownFileType = sourcecode.c.objc; path = main.m; sourceTree = "<group>"; };
		BAFD9E54194CDF98009718B2 /* librefm-Prefix.pch */ = {isa = PBXFileReference; lastKnownFileType = sourcecode.c.h; path = "librefm-Prefix.pch"; sourceTree = "<group>"; };
		BAFD9E55194CDF98009718B2 /* AppDelegate.h */ = {isa = PBXFileReference; lastKnownFileType = sourcecode.c.h; path = AppDelegate.h; sourceTree = "<group>"; };
		BAFD9E56194CDF98009718B2 /* AppDelegate.m */ = {isa = PBXFileReference; lastKnownFileType = sourcecode.c.objc; path = AppDelegate.m; sourceTree = "<group>"; };
		BAFD9E59194CDF98009718B2 /* Base */ = {isa = PBXFileReference; lastKnownFileType = file.storyboard; name = Base; path = Base.lproj/Main.storyboard; sourceTree = "<group>"; };
		BAFD9E5B194CDF98009718B2 /* PlayerViewController.h */ = {isa = PBXFileReference; lastKnownFileType = sourcecode.c.h; path = PlayerViewController.h; sourceTree = "<group>"; };
		BAFD9E5C194CDF98009718B2 /* PlayerViewController.m */ = {isa = PBXFileReference; lastKnownFileType = sourcecode.c.objc; path = PlayerViewController.m; sourceTree = "<group>"; };
		BAFD9E5E194CDF98009718B2 /* Images.xcassets */ = {isa = PBXFileReference; lastKnownFileType = folder.assetcatalog; path = Images.xcassets; sourceTree = "<group>"; };
		BAFD9E64194CDF98009718B2 /* librefmTests.xctest */ = {isa = PBXFileReference; explicitFileType = wrapper.cfbundle; includeInIndex = 0; path = librefmTests.xctest; sourceTree = BUILT_PRODUCTS_DIR; };
		BAFD9E65194CDF98009718B2 /* XCTest.framework */ = {isa = PBXFileReference; lastKnownFileType = wrapper.framework; name = XCTest.framework; path = Library/Frameworks/XCTest.framework; sourceTree = DEVELOPER_DIR; };
		BAFD9E6D194CDF98009718B2 /* librefmTests-Info.plist */ = {isa = PBXFileReference; lastKnownFileType = text.plist.xml; path = "librefmTests-Info.plist"; sourceTree = "<group>"; };
		BAFD9E6F194CDF98009718B2 /* en */ = {isa = PBXFileReference; lastKnownFileType = text.plist.strings; name = en; path = en.lproj/InfoPlist.strings; sourceTree = "<group>"; };
		BAFD9E71194CDF98009718B2 /* librefmTests.m */ = {isa = PBXFileReference; lastKnownFileType = sourcecode.c.objc; path = librefmTests.m; sourceTree = "<group>"; };
		BAFD9E80194D2090009718B2 /* NSString+String.h */ = {isa = PBXFileReference; fileEncoding = 4; lastKnownFileType = sourcecode.c.h; path = "NSString+String.h"; sourceTree = "<group>"; };
		BAFD9E81194D2090009718B2 /* NSString+String.m */ = {isa = PBXFileReference; fileEncoding = 4; lastKnownFileType = sourcecode.c.objc; path = "NSString+String.m"; sourceTree = "<group>"; };
		BAFD9E83194D2541009718B2 /* LibrefmConnection.h */ = {isa = PBXFileReference; fileEncoding = 4; lastKnownFileType = sourcecode.c.h; path = LibrefmConnection.h; sourceTree = "<group>"; };
		BAFD9E84194D2541009718B2 /* LibrefmConnection.m */ = {isa = PBXFileReference; fileEncoding = 4; lastKnownFileType = sourcecode.c.objc; path = LibrefmConnection.m; sourceTree = "<group>"; };
		BAFD9E87194DA181009718B2 /* turtle.libre.fm.der */ = {isa = PBXFileReference; lastKnownFileType = file; path = turtle.libre.fm.der; sourceTree = "<group>"; };
/* End PBXFileReference section */

/* Begin PBXFrameworksBuildPhase section */
		BAFD9E40194CDF98009718B2 /* Frameworks */ = {
			isa = PBXFrameworksBuildPhase;
			buildActionMask = 2147483647;
			files = (
				BADD27E51958C8BE0057744B /* SystemConfiguration.framework in Frameworks */,
				BADD27CA19535EA90057744B /* Ogg.framework in Frameworks */,
				BADD27CB19535EA90057744B /* Vorbis.framework in Frameworks */,
				BAFD9E49194CDF98009718B2 /* CoreGraphics.framework in Frameworks */,
				BAFD9E4B194CDF98009718B2 /* UIKit.framework in Frameworks */,
				BAFD9E47194CDF98009718B2 /* Foundation.framework in Frameworks */,
			);
			runOnlyForDeploymentPostprocessing = 0;
		};
		BAFD9E61194CDF98009718B2 /* Frameworks */ = {
			isa = PBXFrameworksBuildPhase;
			buildActionMask = 2147483647;
			files = (
				BAFD9E66194CDF98009718B2 /* XCTest.framework in Frameworks */,
				BAFD9E68194CDF98009718B2 /* UIKit.framework in Frameworks */,
				BAFD9E67194CDF98009718B2 /* Foundation.framework in Frameworks */,
			);
			runOnlyForDeploymentPostprocessing = 0;
		};
/* End PBXFrameworksBuildPhase section */

/* Begin PBXGroup section */
		BA0DC6DB197C6F1100AED271 /* HPLTagCloudGenerator */ = {
			isa = PBXGroup;
			children = (
				BA0DC6DC197C6F1100AED271 /* HPLTagCloudGenerator.h */,
				BA0DC6DD197C6F1100AED271 /* HPLTagCloudGenerator.m */,
			);
			path = HPLTagCloudGenerator;
			sourceTree = "<group>";
		};
		BADD27CE195390F20057744B /* IDZAQAudioPlayer */ = {
			isa = PBXGroup;
			children = (
				BADD27DC1953931C0057744B /* IDZOggVorbisFileDecoder.mm */,
				BADD27D7195390F20057744B /* IDZOggVorbisFileDecoder.h */,
				BADD27CF195390F20057744B /* IDZAQAudioPlayer.h */,
				BADD27D0195390F20057744B /* IDZAQAudioPlayer.m */,
				BADD27D3195390F20057744B /* IDZAudioDecoder.h */,
				BADD27D4195390F20057744B /* IDZAudioPlayer.h */,
				BADD27D8195390F20057744B /* IDZTrace.h */,
			);
			path = IDZAQAudioPlayer;
			sourceTree = "<group>";
		};
		BADD27E01958B9960057744B /* network */ = {
			isa = PBXGroup;
			children = (
				BAC2379C194FA68200A65C9B /* LibrefmDelegate.h */,
				BAFD9E83194D2541009718B2 /* LibrefmConnection.h */,
				BAFD9E84194D2541009718B2 /* LibrefmConnection.m */,
				BADD27E11958BA4D0057744B /* NetworkManager.h */,
				BADD27E21958BA4D0057744B /* NetworkManager.m */,
			);
			name = network;
			sourceTree = "<group>";
		};
		BADD282A1959D4F40057744B /* views */ = {
			isa = PBXGroup;
			children = (
				BA628A2D1983F5C800AAA264 /* TabBarViewController.h */,
				BA628A2E1983F5C800AAA264 /* TabBarViewController.m */,
				BA0DC6D7197C6E4600AED271 /* TagsViewController.h */,
				BA0DC6D8197C6E4600AED271 /* TagsViewController.m */,
				BAFD9E5B194CDF98009718B2 /* PlayerViewController.h */,
				BAFD9E5C194CDF98009718B2 /* PlayerViewController.m */,
				BADD282B1959D72A0057744B /* LoginViewController.h */,
				BADD282C1959D72A0057744B /* LoginViewController.m */,
				BA0DC6CB197AB44300AED271 /* SignupViewController.h */,
				BA0DC6CC197AB44300AED271 /* SignupViewController.m */,
				BAAD6B8C195A4A6E00397F4D /* BaseModalViewController.h */,
				BAAD6B8D195A4A6E00397F4D /* BaseModalViewController.m */,
				BA628A301983FA7600AAA264 /* BaseTabViewController.h */,
				BA628A311983FA7600AAA264 /* BaseTabViewController.m */,
				BA4D6A6D199F8F9B00F0E671 /* AddTagViewController.h */,
				BA4D6A6E199F8F9B00F0E671 /* AddTagViewController.m */,
			);
			name = views;
			sourceTree = "<group>";
		};
		BADD282E1959EEF40057744B /* popping */ = {
			isa = PBXGroup;
			children = (
				BADD28351959F12E0057744B /* pop */,
				BADD287F195A16DC0057744B /* FlatButton.h */,
				BADD2880195A16DC0057744B /* FlatButton.m */,
				BADD282F1959EEF40057744B /* DismissingAnimator.h */,
				BADD28301959EEF40057744B /* DismissingAnimator.m */,
				BADD28311959EEF40057744B /* PresentingAnimator.h */,
				BADD28321959EEF40057744B /* PresentingAnimator.m */,
			);
			path = popping;
			sourceTree = "<group>";
		};
		BADD28351959F12E0057744B /* pop */ = {
			isa = PBXGroup;
			children = (
				BADD28361959F12E0057744B /* POP.h */,
				BADD28371959F12E0057744B /* POPAction.h */,
				BADD28381959F12E0057744B /* POPAnimatableProperty.h */,
				BADD28391959F12E0057744B /* POPAnimatableProperty.mm */,
				BADD283A1959F12E0057744B /* POPAnimation.h */,
				BADD283B1959F12E0057744B /* POPAnimation.mm */,
				BADD283C1959F12E0057744B /* POPAnimationEvent.h */,
				BADD283D1959F12E0057744B /* POPAnimationEvent.mm */,
				BADD283E1959F12E0057744B /* POPAnimationEventInternal.h */,
				BADD283F1959F12E0057744B /* POPAnimationExtras.h */,
				BADD28401959F12E0057744B /* POPAnimationExtras.mm */,
				BADD28411959F12E0057744B /* POPAnimationInternal.h */,
				BADD28421959F12E0057744B /* POPAnimationPrivate.h */,
				BADD28431959F12E0057744B /* POPAnimationRuntime.h */,
				BADD28441959F12E0057744B /* POPAnimationRuntime.mm */,
				BADD28451959F12E0057744B /* POPAnimationTracer.h */,
				BADD28461959F12E0057744B /* POPAnimationTracer.mm */,
				BADD28471959F12E0057744B /* POPAnimationTracerInternal.h */,
				BADD28481959F12E0057744B /* POPAnimator.h */,
				BADD28491959F12E0057744B /* POPAnimator.mm */,
				BADD284A1959F12E0057744B /* POPAnimatorPrivate.h */,
				BADD284B1959F12E0057744B /* POPBasicAnimation.h */,
				BADD284C1959F12E0057744B /* POPBasicAnimation.mm */,
				BADD284D1959F12E0057744B /* POPBasicAnimationInternal.h */,
				BADD284E1959F12E0057744B /* POPCGUtils.h */,
				BADD284F1959F12E0057744B /* POPCGUtils.mm */,
				BADD28501959F12E0057744B /* POPCustomAnimation.h */,
				BADD28511959F12E0057744B /* POPCustomAnimation.mm */,
				BADD28521959F12E0057744B /* POPDecayAnimation.h */,
				BADD28531959F12E0057744B /* POPDecayAnimation.mm */,
				BADD28541959F12E0057744B /* POPDecayAnimationInternal.h */,
				BADD28551959F12E0057744B /* POPDefines.h */,
				BADD28561959F12E0057744B /* POPGeometry.h */,
				BADD28571959F12E0057744B /* POPGeometry.mm */,
				BADD28581959F12E0057744B /* POPLayerExtras.h */,
				BADD28591959F12E0057744B /* POPLayerExtras.mm */,
				BADD285A1959F12E0057744B /* POPMath.h */,
				BADD285B1959F12E0057744B /* POPMath.mm */,
				BADD285C1959F12E0057744B /* POPPropertyAnimation.h */,
				BADD285D1959F12E0057744B /* POPPropertyAnimation.mm */,
				BADD285E1959F12E0057744B /* POPPropertyAnimationInternal.h */,
				BADD285F1959F12E0057744B /* POPSpringAnimation.h */,
				BADD28601959F12E0057744B /* POPSpringAnimation.mm */,
				BADD28611959F12E0057744B /* POPSpringAnimationInternal.h */,
				BADD28621959F12E0057744B /* POPSpringSolver.h */,
				BADD28631959F12E0057744B /* POPVector.h */,
				BADD28641959F12E0057744B /* POPVector.mm */,
				BADD28651959F12E0057744B /* WebCore */,
			);
			path = pop;
			sourceTree = "<group>";
		};
		BADD28651959F12E0057744B /* WebCore */ = {
			isa = PBXGroup;
			children = (
				BADD28661959F12E0057744B /* FloatConversion.h */,
				BADD28671959F12E0057744B /* TransformationMatrix.cpp */,
				BADD28681959F12E0057744B /* TransformationMatrix.h */,
				BADD28691959F12E0057744B /* UnitBezier.h */,
			);
			path = WebCore;
			sourceTree = "<group>";
		};
		BAFD9E3A194CDF98009718B2 = {
			isa = PBXGroup;
			children = (
				BAFD9E86194DA181009718B2 /* resources */,
				BAFD9E7F194D2090009718B2 /* categories */,
				BAFD9E4C194CDF98009718B2 /* librefm */,
				BAFD9E6B194CDF98009718B2 /* librefmTests */,
				BAFD9E45194CDF98009718B2 /* Frameworks */,
				BAFD9E44194CDF98009718B2 /* Products */,
			);
			sourceTree = "<group>";
		};
		BAFD9E44194CDF98009718B2 /* Products */ = {
			isa = PBXGroup;
			children = (
				BAFD9E43194CDF98009718B2 /* librefm.app */,
				BAFD9E64194CDF98009718B2 /* librefmTests.xctest */,
			);
			name = Products;
			sourceTree = "<group>";
		};
		BAFD9E45194CDF98009718B2 /* Frameworks */ = {
			isa = PBXGroup;
			children = (
				BADD27E41958C8BE0057744B /* SystemConfiguration.framework */,
				BADD27C819535EA90057744B /* Ogg.framework */,
				BADD27C919535EA90057744B /* Vorbis.framework */,
				BAC2379D194FAB2600A65C9B /* MediaPlayer.framework */,
				BAFD9E46194CDF98009718B2 /* Foundation.framework */,
				BAFD9E48194CDF98009718B2 /* CoreGraphics.framework */,
				BAFD9E4A194CDF98009718B2 /* UIKit.framework */,
				BAFD9E65194CDF98009718B2 /* XCTest.framework */,
			);
			name = Frameworks;
			sourceTree = "<group>";
		};
		BAFD9E4C194CDF98009718B2 /* librefm */ = {
			isa = PBXGroup;
			children = (
				BA0DC6DB197C6F1100AED271 /* HPLTagCloudGenerator */,
				BADD282E1959EEF40057744B /* popping */,
				BADD282A1959D4F40057744B /* views */,
				BADD27E01958B9960057744B /* network */,
				BADD27CE195390F20057744B /* IDZAQAudioPlayer */,
				BAFD9E55194CDF98009718B2 /* AppDelegate.h */,
				BAFD9E56194CDF98009718B2 /* AppDelegate.m */,
				BAFD9E58194CDF98009718B2 /* Main.storyboard */,
				BAFD9E5E194CDF98009718B2 /* Images.xcassets */,
				BAFD9E4D194CDF98009718B2 /* Supporting Files */,
				BADD28271959ABF20057744B /* Utils.h */,
				BADD28281959ABF20057744B /* Utils.m */,
				BAAD6B95195EF3E800397F4D /* DeviceHardware.h */,
				BAAD6B96195EF3E800397F4D /* DeviceHardware.m */,
				BAAD6B98195EF46800397F4D /* Singleton.h */,
				BAAD6B99195EF46800397F4D /* Singleton.m */,
				BAA18F5A1A211E01002356C5 /* KeychainItemWrapper.h */,
				BAA18F5B1A211E01002356C5 /* KeychainItemWrapper.m */,
			);
			path = librefm;
			sourceTree = "<group>";
		};
		BAFD9E4D194CDF98009718B2 /* Supporting Files */ = {
			isa = PBXGroup;
			children = (
				BAFD9E4E194CDF98009718B2 /* librefm-Info.plist */,
				BAFD9E4F194CDF98009718B2 /* InfoPlist.strings */,
				BAFD9E52194CDF98009718B2 /* main.m */,
				BAFD9E54194CDF98009718B2 /* librefm-Prefix.pch */,
			);
			name = "Supporting Files";
			sourceTree = "<group>";
		};
		BAFD9E6B194CDF98009718B2 /* librefmTests */ = {
			isa = PBXGroup;
			children = (
				BAFD9E71194CDF98009718B2 /* librefmTests.m */,
				BAFD9E6C194CDF98009718B2 /* Supporting Files */,
			);
			path = librefmTests;
			sourceTree = "<group>";
		};
		BAFD9E6C194CDF98009718B2 /* Supporting Files */ = {
			isa = PBXGroup;
			children = (
				BAFD9E6D194CDF98009718B2 /* librefmTests-Info.plist */,
				BAFD9E6E194CDF98009718B2 /* InfoPlist.strings */,
			);
			name = "Supporting Files";
			sourceTree = "<group>";
		};
		BAFD9E7F194D2090009718B2 /* categories */ = {
			isa = PBXGroup;
			children = (
				BADD287C1959F24D0057744B /* UIColor+CustomColors.h */,
				BADD287D1959F24D0057744B /* UIColor+CustomColors.m */,
				BAFD9E80194D2090009718B2 /* NSString+String.h */,
				BAFD9E81194D2090009718B2 /* NSString+String.m */,
				BAAD6B8F195A8B4600397F4D /* UIViewController+Parallax.h */,
				BAAD6B90195A8B4600397F4D /* UIViewController+Parallax.m */,
			);
			path = categories;
			sourceTree = "<group>";
		};
		BAFD9E86194DA181009718B2 /* resources */ = {
			isa = PBXGroup;
			children = (
				BA33676119FD4482004C5DF7 /* music59.png */,
				BAE03F9319EF1E140012A900 /* next8.png */,
				BAE03F9419EF1E140012A900 /* pause11.png */,
				BAE03F9519EF1E140012A900 /* play33.png */,
				BAE03F9619EF1E140012A900 /* previous5.png */,
				BADD2882195A30CF0057744B /* logo.png */,
				BAFD9E87194DA181009718B2 /* turtle.libre.fm.der */,
			);
			path = resources;
			sourceTree = "<group>";
		};
/* End PBXGroup section */

/* Begin PBXNativeTarget section */
		BAFD9E42194CDF98009718B2 /* librefm */ = {
			isa = PBXNativeTarget;
			buildConfigurationList = BAFD9E75194CDF98009718B2 /* Build configuration list for PBXNativeTarget "librefm" */;
			buildPhases = (
				BAFD9E3F194CDF98009718B2 /* Sources */,
				BAFD9E40194CDF98009718B2 /* Frameworks */,
				BAFD9E41194CDF98009718B2 /* Resources */,
			);
			buildRules = (
			);
			dependencies = (
			);
			name = librefm;
			productName = librefm;
			productReference = BAFD9E43194CDF98009718B2 /* librefm.app */;
			productType = "com.apple.product-type.application";
		};
		BAFD9E63194CDF98009718B2 /* librefmTests */ = {
			isa = PBXNativeTarget;
			buildConfigurationList = BAFD9E78194CDF98009718B2 /* Build configuration list for PBXNativeTarget "librefmTests" */;
			buildPhases = (
				BAFD9E60194CDF98009718B2 /* Sources */,
				BAFD9E61194CDF98009718B2 /* Frameworks */,
				BAFD9E62194CDF98009718B2 /* Resources */,
			);
			buildRules = (
			);
			dependencies = (
				BAFD9E6A194CDF98009718B2 /* PBXTargetDependency */,
			);
			name = librefmTests;
			productName = librefmTests;
			productReference = BAFD9E64194CDF98009718B2 /* librefmTests.xctest */;
			productType = "com.apple.product-type.bundle.unit-test";
		};
/* End PBXNativeTarget section */

/* Begin PBXProject section */
		BAFD9E3B194CDF98009718B2 /* Project object */ = {
			isa = PBXProject;
			attributes = {
				LastUpgradeCheck = 0510;
				ORGANIZATIONNAME = "Alexander Lopatin";
				TargetAttributes = {
					BAFD9E63194CDF98009718B2 = {
						TestTargetID = BAFD9E42194CDF98009718B2;
					};
				};
			};
			buildConfigurationList = BAFD9E3E194CDF98009718B2 /* Build configuration list for PBXProject "librefm" */;
			compatibilityVersion = "Xcode 3.2";
			developmentRegion = English;
			hasScannedForEncodings = 0;
			knownRegions = (
				en,
				Base,
			);
			mainGroup = BAFD9E3A194CDF98009718B2;
			productRefGroup = BAFD9E44194CDF98009718B2 /* Products */;
			projectDirPath = "";
			projectRoot = "";
			targets = (
				BAFD9E42194CDF98009718B2 /* librefm */,
				BAFD9E63194CDF98009718B2 /* librefmTests */,
			);
		};
/* End PBXProject section */

/* Begin PBXResourcesBuildPhase section */
		BAFD9E41194CDF98009718B2 /* Resources */ = {
			isa = PBXResourcesBuildPhase;
			buildActionMask = 2147483647;
			files = (
				BAFD9E5F194CDF98009718B2 /* Images.xcassets in Resources */,
				BAE03F9A19EF1E140012A900 /* previous5.png in Resources */,
				BAE03F9919EF1E140012A900 /* play33.png in Resources */,
				BA33676219FD4482004C5DF7 /* music59.png in Resources */,
				BADD2883195A30CF0057744B /* logo.png in Resources */,
				BAFD9E88194DA181009718B2 /* turtle.libre.fm.der in Resources */,
				BAE03F9819EF1E140012A900 /* pause11.png in Resources */,
				BAE03F9719EF1E140012A900 /* next8.png in Resources */,
				BAFD9E51194CDF98009718B2 /* InfoPlist.strings in Resources */,
				BAFD9E5A194CDF98009718B2 /* Main.storyboard in Resources */,
			);
			runOnlyForDeploymentPostprocessing = 0;
		};
		BAFD9E62194CDF98009718B2 /* Resources */ = {
			isa = PBXResourcesBuildPhase;
			buildActionMask = 2147483647;
			files = (
				BAFD9E70194CDF98009718B2 /* InfoPlist.strings in Resources */,
			);
			runOnlyForDeploymentPostprocessing = 0;
		};
/* End PBXResourcesBuildPhase section */

/* Begin PBXSourcesBuildPhase section */
		BAFD9E3F194CDF98009718B2 /* Sources */ = {
			isa = PBXSourcesBuildPhase;
			buildActionMask = 2147483647;
			files = (
				BADD28291959ABF20057744B /* Utils.m in Sources */,
				BADD28341959EEF40057744B /* PresentingAnimator.m in Sources */,
				BADD27E31958BA4D0057744B /* NetworkManager.m in Sources */,
				BADD28771959F12E0057744B /* POPMath.mm in Sources */,
				BADD286F1959F12E0057744B /* POPAnimationTracer.mm in Sources */,
				BA0DC6DE197C6F1100AED271 /* HPLTagCloudGenerator.m in Sources */,
				BADD286D1959F12E0057744B /* POPAnimationExtras.mm in Sources */,
				BAAD6B97195EF3E800397F4D /* DeviceHardware.m in Sources */,
				BA0DC6D9197C6E4600AED271 /* TagsViewController.m in Sources */,
				BADD28711959F12E0057744B /* POPBasicAnimation.mm in Sources */,
				BADD287A1959F12E0057744B /* POPVector.mm in Sources */,
				BADD286A1959F12E0057744B /* POPAnimatableProperty.mm in Sources */,
				BADD28761959F12E0057744B /* POPLayerExtras.mm in Sources */,
				BADD2881195A16DC0057744B /* FlatButton.m in Sources */,
				BADD287E1959F24D0057744B /* UIColor+CustomColors.m in Sources */,
				BADD286B1959F12E0057744B /* POPAnimation.mm in Sources */,
				BADD286E1959F12E0057744B /* POPAnimationRuntime.mm in Sources */,
				BADD28781959F12E0057744B /* POPPropertyAnimation.mm in Sources */,
				BAFD9E5D194CDF98009718B2 /* PlayerViewController.m in Sources */,
				BADD286C1959F12E0057744B /* POPAnimationEvent.mm in Sources */,
				BA628A2F1983F5C800AAA264 /* TabBarViewController.m in Sources */,
				BADD28741959F12E0057744B /* POPDecayAnimation.mm in Sources */,
				BADD28791959F12E0057744B /* POPSpringAnimation.mm in Sources */,
				BA0DC6CD197AB44300AED271 /* SignupViewController.m in Sources */,
				BA628A321983FA7600AAA264 /* BaseTabViewController.m in Sources */,
				BA4D6A6F199F8F9B00F0E671 /* AddTagViewController.m in Sources */,
				BAFD9E57194CDF98009718B2 /* AppDelegate.m in Sources */,
				BADD282D1959D72A0057744B /* LoginViewController.m in Sources */,
				BADD287B1959F12E0057744B /* TransformationMatrix.cpp in Sources */,
				BAFD9E82194D2090009718B2 /* NSString+String.m in Sources */,
				BADD28331959EEF40057744B /* DismissingAnimator.m in Sources */,
				BAFD9E53194CDF98009718B2 /* main.m in Sources */,
				BADD28751959F12E0057744B /* POPGeometry.mm in Sources */,
				BADD28701959F12E0057744B /* POPAnimator.mm in Sources */,
				BAAD6B91195A8B4600397F4D /* UIViewController+Parallax.m in Sources */,
				BAFD9E85194D2541009718B2 /* LibrefmConnection.m in Sources */,
				BAAD6B8E195A4A6E00397F4D /* BaseModalViewController.m in Sources */,
				BADD27D9195390F20057744B /* IDZAQAudioPlayer.m in Sources */,
				BADD28731959F12E0057744B /* POPCustomAnimation.mm in Sources */,
				BAAD6B9A195EF46800397F4D /* Singleton.m in Sources */,
				BADD27DD1953931C0057744B /* IDZOggVorbisFileDecoder.mm in Sources */,
				BAA18F5C1A211E01002356C5 /* KeychainItemWrapper.m in Sources */,
				BADD28721959F12E0057744B /* POPCGUtils.mm in Sources */,
			);
			runOnlyForDeploymentPostprocessing = 0;
		};
		BAFD9E60194CDF98009718B2 /* Sources */ = {
			isa = PBXSourcesBuildPhase;
			buildActionMask = 2147483647;
			files = (
				BAFD9E72194CDF98009718B2 /* librefmTests.m in Sources */,
			);
			runOnlyForDeploymentPostprocessing = 0;
		};
/* End PBXSourcesBuildPhase section */

/* Begin PBXTargetDependency section */
		BAFD9E6A194CDF98009718B2 /* PBXTargetDependency */ = {
			isa = PBXTargetDependency;
			target = BAFD9E42194CDF98009718B2 /* librefm */;
			targetProxy = BAFD9E69194CDF98009718B2 /* PBXContainerItemProxy */;
		};
/* End PBXTargetDependency section */

/* Begin PBXVariantGroup section */
		BAFD9E4F194CDF98009718B2 /* InfoPlist.strings */ = {
			isa = PBXVariantGroup;
			children = (
				BAFD9E50194CDF98009718B2 /* en */,
			);
			name = InfoPlist.strings;
			sourceTree = "<group>";
		};
		BAFD9E58194CDF98009718B2 /* Main.storyboard */ = {
			isa = PBXVariantGroup;
			children = (
				BAFD9E59194CDF98009718B2 /* Base */,
			);
			name = Main.storyboard;
			sourceTree = "<group>";
		};
		BAFD9E6E194CDF98009718B2 /* InfoPlist.strings */ = {
			isa = PBXVariantGroup;
			children = (
				BAFD9E6F194CDF98009718B2 /* en */,
			);
			name = InfoPlist.strings;
			sourceTree = "<group>";
		};
/* End PBXVariantGroup section */

/* Begin XCBuildConfiguration section */
		BAFD9E73194CDF98009718B2 /* Debug */ = {
			isa = XCBuildConfiguration;
			buildSettings = {
				ALWAYS_SEARCH_USER_PATHS = NO;
				CLANG_CXX_LANGUAGE_STANDARD = "gnu++0x";
				CLANG_CXX_LIBRARY = "libc++";
				CLANG_ENABLE_MODULES = YES;
				CLANG_ENABLE_OBJC_ARC = YES;
				CLANG_WARN_BOOL_CONVERSION = YES;
				CLANG_WARN_CONSTANT_CONVERSION = YES;
				CLANG_WARN_DIRECT_OBJC_ISA_USAGE = YES_ERROR;
				CLANG_WARN_EMPTY_BODY = YES;
				CLANG_WARN_ENUM_CONVERSION = YES;
				CLANG_WARN_INT_CONVERSION = YES;
				CLANG_WARN_OBJC_ROOT_CLASS = YES_ERROR;
				CLANG_WARN__DUPLICATE_METHOD_MATCH = YES;
				"CODE_SIGN_IDENTITY[sdk=iphoneos*]" = "iPhone Developer";
				COPY_PHASE_STRIP = NO;
				GCC_C_LANGUAGE_STANDARD = gnu99;
				GCC_DYNAMIC_NO_PIC = NO;
				GCC_OPTIMIZATION_LEVEL = 0;
				GCC_PREPROCESSOR_DEFINITIONS = (
					"DEBUG=1",
					"$(inherited)",
				);
				GCC_SYMBOLS_PRIVATE_EXTERN = NO;
				GCC_WARN_64_TO_32_BIT_CONVERSION = YES;
				GCC_WARN_ABOUT_RETURN_TYPE = YES_ERROR;
				GCC_WARN_UNDECLARED_SELECTOR = YES;
				GCC_WARN_UNINITIALIZED_AUTOS = YES_AGGRESSIVE;
				GCC_WARN_UNUSED_FUNCTION = YES;
				GCC_WARN_UNUSED_VARIABLE = YES;
				IPHONEOS_DEPLOYMENT_TARGET = 7.1;
				ONLY_ACTIVE_ARCH = YES;
				SDKROOT = iphoneos;
			};
			name = Debug;
		};
		BAFD9E74194CDF98009718B2 /* Release */ = {
			isa = XCBuildConfiguration;
			buildSettings = {
				ALWAYS_SEARCH_USER_PATHS = NO;
				CLANG_CXX_LANGUAGE_STANDARD = "gnu++0x";
				CLANG_CXX_LIBRARY = "libc++";
				CLANG_ENABLE_MODULES = YES;
				CLANG_ENABLE_OBJC_ARC = YES;
				CLANG_WARN_BOOL_CONVERSION = YES;
				CLANG_WARN_CONSTANT_CONVERSION = YES;
				CLANG_WARN_DIRECT_OBJC_ISA_USAGE = YES_ERROR;
				CLANG_WARN_EMPTY_BODY = YES;
				CLANG_WARN_ENUM_CONVERSION = YES;
				CLANG_WARN_INT_CONVERSION = YES;
				CLANG_WARN_OBJC_ROOT_CLASS = YES_ERROR;
				CLANG_WARN__DUPLICATE_METHOD_MATCH = YES;
				"CODE_SIGN_IDENTITY[sdk=iphoneos*]" = "iPhone Developer";
				COPY_PHASE_STRIP = YES;
				ENABLE_NS_ASSERTIONS = NO;
				GCC_C_LANGUAGE_STANDARD = gnu99;
				GCC_WARN_64_TO_32_BIT_CONVERSION = YES;
				GCC_WARN_ABOUT_RETURN_TYPE = YES_ERROR;
				GCC_WARN_UNDECLARED_SELECTOR = YES;
				GCC_WARN_UNINITIALIZED_AUTOS = YES_AGGRESSIVE;
				GCC_WARN_UNUSED_FUNCTION = YES;
				GCC_WARN_UNUSED_VARIABLE = YES;
				IPHONEOS_DEPLOYMENT_TARGET = 7.1;
				SDKROOT = iphoneos;
				VALIDATE_PRODUCT = YES;
			};
			name = Release;
		};
		BAFD9E76194CDF98009718B2 /* Debug */ = {
			isa = XCBuildConfiguration;
			buildSettings = {
				ASSETCATALOG_COMPILER_APPICON_NAME = AppIcon;
				ASSETCATALOG_COMPILER_LAUNCHIMAGE_NAME = LaunchImage;
				FRAMEWORK_SEARCH_PATHS = (
					"$(inherited)",
					/Users/sbar/git/librefm/IDZAQAudioPlayer/Frameworks,
				);
				GCC_PRECOMPILE_PREFIX_HEADER = YES;
				GCC_PREFIX_HEADER = "librefm/librefm-Prefix.pch";
				INFOPLIST_FILE = "librefm/librefm-Info.plist";
				IPHONEOS_DEPLOYMENT_TARGET = 7.1;
				OTHER_CFLAGS = "-I../../librefm/LibreFM/librefm/popping";
				PRODUCT_NAME = "$(TARGET_NAME)";
				TARGETED_DEVICE_FAMILY = 1;
				WRAPPER_EXTENSION = app;
			};
			name = Debug;
		};
		BAFD9E77194CDF98009718B2 /* Release */ = {
			isa = XCBuildConfiguration;
			buildSettings = {
				ASSETCATALOG_COMPILER_APPICON_NAME = AppIcon;
				ASSETCATALOG_COMPILER_LAUNCHIMAGE_NAME = LaunchImage;
				FRAMEWORK_SEARCH_PATHS = (
					"$(inherited)",
					/Users/sbar/git/librefm/IDZAQAudioPlayer/Frameworks,
				);
				GCC_PRECOMPILE_PREFIX_HEADER = YES;
				GCC_PREFIX_HEADER = "librefm/librefm-Prefix.pch";
				INFOPLIST_FILE = "librefm/librefm-Info.plist";
				IPHONEOS_DEPLOYMENT_TARGET = 7.1;
				OTHER_CFLAGS = "-I../../librefm/LibreFM/librefm/popping";
				PRODUCT_NAME = "$(TARGET_NAME)";
				TARGETED_DEVICE_FAMILY = 1;
				WRAPPER_EXTENSION = app;
			};
			name = Release;
		};
		BAFD9E79194CDF98009718B2 /* Debug */ = {
			isa = XCBuildConfiguration;
			buildSettings = {
				BUNDLE_LOADER = "$(BUILT_PRODUCTS_DIR)/librefm.app/librefm";
				FRAMEWORK_SEARCH_PATHS = (
					"$(SDKROOT)/Developer/Library/Frameworks",
					"$(inherited)",
					"$(DEVELOPER_FRAMEWORKS_DIR)",
				);
				GCC_PRECOMPILE_PREFIX_HEADER = YES;
				GCC_PREFIX_HEADER = "librefm/librefm-Prefix.pch";
				GCC_PREPROCESSOR_DEFINITIONS = (
					"DEBUG=1",
					"$(inherited)",
				);
				INFOPLIST_FILE = "librefmTests/librefmTests-Info.plist";
				PRODUCT_NAME = "$(TARGET_NAME)";
				TEST_HOST = "$(BUNDLE_LOADER)";
				WRAPPER_EXTENSION = xctest;
			};
			name = Debug;
		};
		BAFD9E7A194CDF98009718B2 /* Release */ = {
			isa = XCBuildConfiguration;
			buildSettings = {
				BUNDLE_LOADER = "$(BUILT_PRODUCTS_DIR)/librefm.app/librefm";
				FRAMEWORK_SEARCH_PATHS = (
					"$(SDKROOT)/Developer/Library/Frameworks",
					"$(inherited)",
					"$(DEVELOPER_FRAMEWORKS_DIR)",
				);
				GCC_PRECOMPILE_PREFIX_HEADER = YES;
				GCC_PREFIX_HEADER = "librefm/librefm-Prefix.pch";
				INFOPLIST_FILE = "librefmTests/librefmTests-Info.plist";
				PRODUCT_NAME = "$(TARGET_NAME)";
				TEST_HOST = "$(BUNDLE_LOADER)";
				WRAPPER_EXTENSION = xctest;
			};
			name = Release;
		};
/* End XCBuildConfiguration section */

/* Begin XCConfigurationList section */
		BAFD9E3E194CDF98009718B2 /* Build configuration list for PBXProject "librefm" */ = {
			isa = XCConfigurationList;
			buildConfigurations = (
				BAFD9E73194CDF98009718B2 /* Debug */,
				BAFD9E74194CDF98009718B2 /* Release */,
			);
			defaultConfigurationIsVisible = 0;
			defaultConfigurationName = Release;
		};
		BAFD9E75194CDF98009718B2 /* Build configuration list for PBXNativeTarget "librefm" */ = {
			isa = XCConfigurationList;
			buildConfigurations = (
				BAFD9E76194CDF98009718B2 /* Debug */,
				BAFD9E77194CDF98009718B2 /* Release */,
			);
			defaultConfigurationIsVisible = 0;
			defaultConfigurationName = Release;
		};
		BAFD9E78194CDF98009718B2 /* Build configuration list for PBXNativeTarget "librefmTests" */ = {
			isa = XCConfigurationList;
			buildConfigurations = (
				BAFD9E79194CDF98009718B2 /* Debug */,
				BAFD9E7A194CDF98009718B2 /* Release */,
			);
			defaultConfigurationIsVisible = 0;
			defaultConfigurationName = Release;
		};
/* End XCConfigurationList section */
	};
	rootObject = BAFD9E3B194CDF98009718B2 /* Project object */;
}
